
Microsoft Visual Studio Solution File, Format Version 12.00
# Visual Studio Version 16
VisualStudioVersion = 16.0.30128.74
MinimumVisualStudioVersion = 10.0.40219.1
Project("{2150E333-8FDC-42A3-9474-1A3956D46DE8}") = "src", "src", "{C6419B82-F746-421F-8E16-49B50BBA121A}"
EndProject
Project("{2150E333-8FDC-42A3-9474-1A3956D46DE8}") = "services", "services", "{EB084D1E-B83D-4D82-8B94-533E4C1E8654}"
EndProject
Project("{2150E333-8FDC-42A3-9474-1A3956D46DE8}") = "web", "web", "{9439EAE9-5478-474A-94A4-A159378DDA01}"
EndProject
Project("{9A19103F-16F7-4668-BE54-9A1E7A4F7556}") = "EventCatalogAPI", "EventCatalogAPI\EventCatalogAPI.csproj", "{F76DC116-206D-4F30-972C-9BBF231F0332}"
EndProject
Project("{E53339B2-1760-4266-BCC7-CA923CBCF16C}") = "docker-compose", "docker-compose.dcproj", "{D1D6ACCE-3526-4744-A574-A1F43A772ED6}"
EndProject
Project("{9A19103F-16F7-4668-BE54-9A1E7A4F7556}") = "WebMvc", "WebMvc\WebMvc.csproj", "{A5FEA662-E847-4D1F-AE69-41BE51042F3B}"
EndProject
Project("{9A19103F-16F7-4668-BE54-9A1E7A4F7556}") = "TokenServiceApi", "TokenServiceApi\TokenServiceApi.csproj", "{ECD89944-CA8A-4E31-84E1-0C40467F964C}"
EndProject
Global
	GlobalSection(SolutionConfigurationPlatforms) = preSolution
		Debug|Any CPU = Debug|Any CPU
		Release|Any CPU = Release|Any CPU
	EndGlobalSection
	GlobalSection(ProjectConfigurationPlatforms) = postSolution
		{F76DC116-206D-4F30-972C-9BBF231F0332}.Debug|Any CPU.ActiveCfg = Debug|Any CPU
		{F76DC116-206D-4F30-972C-9BBF231F0332}.Debug|Any CPU.Build.0 = Debug|Any CPU
		{F76DC116-206D-4F30-972C-9BBF231F0332}.Release|Any CPU.ActiveCfg = Release|Any CPU
		{F76DC116-206D-4F30-972C-9BBF231F0332}.Release|Any CPU.Build.0 = Release|Any CPU
		{D1D6ACCE-3526-4744-A574-A1F43A772ED6}.Debug|Any CPU.ActiveCfg = Debug|Any CPU
		{D1D6ACCE-3526-4744-A574-A1F43A772ED6}.Debug|Any CPU.Build.0 = Debug|Any CPU
		{D1D6ACCE-3526-4744-A574-A1F43A772ED6}.Release|Any CPU.ActiveCfg = Release|Any CPU
		{D1D6ACCE-3526-4744-A574-A1F43A772ED6}.Release|Any CPU.Build.0 = Release|Any CPU
		{A5FEA662-E847-4D1F-AE69-41BE51042F3B}.Debug|Any CPU.ActiveCfg = Debug|Any CPU
		{A5FEA662-E847-4D1F-AE69-41BE51042F3B}.Debug|Any CPU.Build.0 = Debug|Any CPU
		{A5FEA662-E847-4D1F-AE69-41BE51042F3B}.Release|Any CPU.ActiveCfg = Release|Any CPU
		{A5FEA662-E847-4D1F-AE69-41BE51042F3B}.Release|Any CPU.Build.0 = Release|Any CPU
		{ECD89944-CA8A-4E31-84E1-0C40467F964C}.Debug|Any CPU.ActiveCfg = Debug|Any CPU
		{ECD89944-CA8A-4E31-84E1-0C40467F964C}.Debug|Any CPU.Build.0 = Debug|Any CPU
		{ECD89944-CA8A-4E31-84E1-0C40467F964C}.Release|Any CPU.ActiveCfg = Release|Any CPU
		{ECD89944-CA8A-4E31-84E1-0C40467F964C}.Release|Any CPU.Build.0 = Release|Any CPU
	EndGlobalSection
	GlobalSection(SolutionProperties) = preSolution
		HideSolutionNode = FALSE
	EndGlobalSection
	GlobalSection(NestedProjects) = preSolution
		{EB084D1E-B83D-4D82-8B94-533E4C1E8654} = {C6419B82-F746-421F-8E16-49B50BBA121A}
		{9439EAE9-5478-474A-94A4-A159378DDA01} = {C6419B82-F746-421F-8E16-49B50BBA121A}
		{F76DC116-206D-4F30-972C-9BBF231F0332} = {EB084D1E-B83D-4D82-8B94-533E4C1E8654}
		{A5FEA662-E847-4D1F-AE69-41BE51042F3B} = {9439EAE9-5478-474A-94A4-A159378DDA01}
		{ECD89944-CA8A-4E31-84E1-0C40467F964C} = {EB084D1E-B83D-4D82-8B94-533E4C1E8654}
	EndGlobalSection
	GlobalSection(ExtensibilityGlobals) = postSolution
		SolutionGuid = {E4406483-D2D1-410F-98DE-D39D7B57AD1B}
	EndGlobalSection
EndGlobal
